{
  "object": {
    "pins": [
      {
        "package": "XlsxReaderWriter",
        "repositoryURL": "https://github.com/charlymr/XlsxReaderWriter.git",
        "state": {
          "branch": null,
          "revision": "d4a1f74d7c28d40113ebe2397adfdc9304f91a5f",
          "version": "2.4.2"
        }
      },
      {
        "package": "ZipArchive",
        "repositoryURL": "https://github.com/ZipArchive/ZipArchive",
        "state": {
          "branch": null,
          "revision": "a6f9d8ffa18c6d562554d0b305696d4de1a0d161",
          "version": "2.3.0"
        }
      }
    ]
  },
  "version": 1
}
