{
  "object": {
    "pins": [
      {
        "package": "XlsxReaderWriter",
        "repositoryURL": "https://github.com/charlymr/XlsxReaderWriter",
        "state": {
          "branch": null,
          "revision": "4571ad06b9fd12af61b7997f8fe55df1881fa1db",
          "version": "2.5.0"
        }
      }
    ]
  },
  "version": 1
}
